{
  "requires": true,
  "lockfileVersion": 1,
  "dependencies": {
    "google-closure-compiler-linux": {
      "version": "20191111.0.0",
      "resolved": "https://registry.npmjs.org/google-closure-compiler-linux/-/google-closure-compiler-linux-20191111.0.0.tgz",
      "integrity": "sha512-pxxB83Ae7G9OHFSOEzOYlp844YyqQgU1RXBpCGBKeDAQrs3dykHqRhNGZdI7N1tsby/pT+hKL1US2l/CslPqag=="
    }
  }
}
